{
  "originHash" : "108b696326159f7fef83fab5e7554da50616400454a2702683d22aefd03068e6",
  "pins" : [
    {
      "identity" : "spm-nmapsgeometry",
      "kind" : "remoteSourceControl",
      "location" : "https://github.com/navermaps/SPM-NMapsGeometry.git",
      "state" : {
        "revision" : "436d5e2e684f557faf5ef5862fd6633a42d7af11",
        "version" : "1.0.2"
      }
    },
    {
      "identity" : "spm-nmapsmap",
      "kind" : "remoteSourceControl",
      "location" : "https://github.com/navermaps/SPM-NMapsMap.git",
      "state" : {
        "revision" : "14e1cfa1e270458fc58b0cd8827c87b3cee905ab",
        "version" : "3.23.3"
      }
    }
  ],
  "version" : 3
}
